Microsoft Visual Studio Solution File, Format Version 12.00
# Visual Studio Version 17
VisualStudioVersion = 17.0.31903.59
MinimumVisualStudioVersion = 10.0.40219.1
Project("{F435D232-CCB7-42CC-A99D-378AF4D8DA04}") = "Project_eaf0f75e531e408ea0df0ed64815669e_20250601200320593641", "Project_eaf0f75e531e408ea0df0ed64815669e_20250601200320593641.csproj", "{F435D232-CCB7-42CC-A99D-378AF4D8DA04}"
EndProject
Global
    GlobalSection(SolutionConfigurationPlatforms) = preSolution
        Debug|Any CPU = Debug|Any CPU
        Release|Any CPU = Release|Any CPU
    EndGlobalSection
    GlobalSection(ProjectConfigurationPlatforms) = postSolution
        {F435D232-CCB7-42CC-A99D-378AF4D8DA04}.Debug|Any CPU.ActiveCfg = Debug|Any CPU
        {F435D232-CCB7-42CC-A99D-378AF4D8DA04}.Debug|Any CPU.Build.0 = Debug|Any CPU
        {F435D232-CCB7-42CC-A99D-378AF4D8DA04}.Release|Any CPU.ActiveCfg = Release|Any CPU
        {F435D232-CCB7-42CC-A99D-378AF4D8DA04}.Release|Any CPU.Build.0 = Release|Any CPU
    EndGlobalSection
EndGlobal